<?xml version="1.0" encoding="utf-8"?>
<Project ToolsVersion="17.0" xmlns="http://schemas.microsoft.com/developer/msbuild/2003">
  <ItemGroup>
    <CustomBuild Include="C:\Repos\UnoProjects\UnoWasmSample\MandelbrotAPI\build.vs\CMakeFiles\6984b996f9187a34be209f77077dd74f\generate.stamp.rule">
      <Filter>CMake Rules</Filter>
    </CustomBuild>
  </ItemGroup>
  <ItemGroup>
    <Filter Include="CMake Rules">
      <UniqueIdentifier>{E827D864-8E91-3D1E-A3F6-FCDA98BA1B9F}</UniqueIdentifier>
    </Filter>
  </ItemGroup>
</Project>
