<?xml version="1.0" encoding="utf-8"?>
<Project ToolsVersion="17.0" xmlns="http://schemas.microsoft.com/developer/msbuild/2003">
  <ItemGroup>
    <ClCompile Include="C:\Repos\UnoProjects\UnoWasmSample\MandelbrotAPI\source\lib\mandelbrotlib.c">
      <Filter>Source Files</Filter>
    </ClCompile>
  </ItemGroup>
  <ItemGroup>
    <CustomBuild Include="C:\Repos\UnoProjects\UnoWasmSample\MandelbrotAPI\source\lib\CMakeLists.txt" />
  </ItemGroup>
  <ItemGroup>
    <Filter Include="Source Files">
      <UniqueIdentifier>{EADCA1F4-7849-3F55-AFE1-08177C15053D}</UniqueIdentifier>
    </Filter>
  </ItemGroup>
</Project>
